PODS:
  - Capsule (0.0.12)
  - Nimble (8.0.4)
  - Quick (2.2.0)
  - SwiftLint (0.31.0)
  - Utensils (0.0.6):
    - Capsule (~> 0.0.12)

DEPENDENCIES:
  - Capsule (~> 0.0.12)
  - Nimble
  - Quick
  - SwiftLint (= 0.31.0)
  - Utensils (~> 0.0.6)

SPEC REPOS:
  https://github.com/CocoaPods/Specs.git:
    - Capsule
    - Nimble
    - Quick
    - SwiftLint
    - Utensils

SPEC CHECKSUMS:
  Capsule: 6134587006d95cf98990c21d51066c508e0017f5
  Nimble: 18d5360282923225d62b09d781f63abc1a0111fc
  Quick: 7fb19e13be07b5dfb3b90d4f9824c855a11af40e
  SwiftLint: 7a0227733d786395817373b2d0ca799fd0093ff3
  Utensils: 2d8271330d02704a9c42764c4f618c8a91bc43ba

PODFILE CHECKSUM: 25259dbe3fc4fe400a86256ce3bfe5d86ed703ea

COCOAPODS: 1.8.4
