// !$*UTF8*$!
{
	archiveVersion = 1;
	classes = {
	};
	objectVersion = 51;
	objects = {

/* Begin PBXBuildFile section */
		83F4B6D696C646863548DD31 /* Pods_Specs.framework in Frameworks */ = {isa = PBXBuildFile; fileRef = 794676E5BEA843B04ACCC6C8 /* Pods_Specs.framework */; };
		942059E12363B73D0081BE92 /* AppDelegate.swift in Sources */ = {isa = PBXBuildFile; fileRef = 942059E02363B73D0081BE92 /* AppDelegate.swift */; };
		942059E52363B73D0081BE92 /* ViewController.swift in Sources */ = {isa = PBXBuildFile; fileRef = 942059E42363B73D0081BE92 /* ViewController.swift */; };
		942059E82363B73D0081BE92 /* Main.storyboard in Resources */ = {isa = PBXBuildFile; fileRef = 942059E62363B73D0081BE92 /* Main.storyboard */; };
		942059EA2363B73E0081BE92 /* Assets.xcassets in Resources */ = {isa = PBXBuildFile; fileRef = 942059E92363B73E0081BE92 /* Assets.xcassets */; };
		942059ED2363B73E0081BE92 /* LaunchScreen.storyboard in Resources */ = {isa = PBXBuildFile; fileRef = 942059EB2363B73E0081BE92 /* LaunchScreen.storyboard */; };
		946E72F42363BDF800694575 /* Utils.swift in Sources */ = {isa = PBXBuildFile; fileRef = 946E72F02363BDF800694575 /* Utils.swift */; };
		946E72F52363BDF800694575 /* QuickELogger.swift in Sources */ = {isa = PBXBuildFile; fileRef = 946E72F12363BDF800694575 /* QuickELogger.swift */; };
		946E72F62363BDF800694575 /* FoundationProtocols.swift in Sources */ = {isa = PBXBuildFile; fileRef = 946E72F22363BDF800694575 /* FoundationProtocols.swift */; };
		946E72F72363BDF800694575 /* QuickELoggerEngine.swift in Sources */ = {isa = PBXBuildFile; fileRef = 946E72F32363BDF800694575 /* QuickELoggerEngine.swift */; };
		946E72F92363BE4C00694575 /* QuickELoggerEngineSpec.swift in Sources */ = {isa = PBXBuildFile; fileRef = 946E72F82363BE4C00694575 /* QuickELoggerEngineSpec.swift */; };
		946E72FC2363BEDB00694575 /* FakeJSONEncoder.swift in Sources */ = {isa = PBXBuildFile; fileRef = 946E72FB2363BEDB00694575 /* FakeJSONEncoder.swift */; };
		946E72FE2363BEE900694575 /* FakeJSONDecoder.swift in Sources */ = {isa = PBXBuildFile; fileRef = 946E72FD2363BEE900694575 /* FakeJSONDecoder.swift */; };
		946E73002363BF0F00694575 /* FakeFileManager.swift in Sources */ = {isa = PBXBuildFile; fileRef = 946E72FF2363BF0F00694575 /* FakeFileManager.swift */; };
		946E73022363BF2A00694575 /* FakeUUID.swift in Sources */ = {isa = PBXBuildFile; fileRef = 946E73012363BF2A00694575 /* FakeUUID.swift */; };
		946E73042363EA4700694575 /* FakeDataUtils.swift in Sources */ = {isa = PBXBuildFile; fileRef = 946E73032363EA4700694575 /* FakeDataUtils.swift */; };
		946E73062363EC0500694575 /* FakeError.swift in Sources */ = {isa = PBXBuildFile; fileRef = 946E73052363EC0500694575 /* FakeError.swift */; };
		946E73082363F1D800694575 /* FoundationExtensions.swift in Sources */ = {isa = PBXBuildFile; fileRef = 946E73072363F1D800694575 /* FoundationExtensions.swift */; };
		946E73102364A99000694575 /* QuickELoggerIntegrationSpec.swift in Sources */ = {isa = PBXBuildFile; fileRef = 946E730F2364A99000694575 /* QuickELoggerIntegrationSpec.swift */; };
		946E731A2364ACA800694575 /* Utils.swift in Sources */ = {isa = PBXBuildFile; fileRef = 946E73192364ACA800694575 /* Utils.swift */; };
		BAC2A58241872EDC9C272468 /* Pods_QuickELogger.framework in Frameworks */ = {isa = PBXBuildFile; fileRef = 57C2979F87281A724AAC2536 /* Pods_QuickELogger.framework */; };
		CA5EE0F5151C9A5DD71795D3 /* Pods_IntegrationSpecs.framework in Frameworks */ = {isa = PBXBuildFile; fileRef = D8E45B2BCF7E8F4447D2BD12 /* Pods_IntegrationSpecs.framework */; };
/* End PBXBuildFile section */

/* Begin PBXContainerItemProxy section */
		94205A092363B9F20081BE92 /* PBXContainerItemProxy */ = {
			isa = PBXContainerItemProxy;
			containerPortal = 942059D52363B73D0081BE92 /* Project object */;
			proxyType = 1;
			remoteGlobalIDString = 942059DC2363B73D0081BE92;
			remoteInfo = QuickELogger;
		};
		946E73122364A99000694575 /* PBXContainerItemProxy */ = {
			isa = PBXContainerItemProxy;
			containerPortal = 942059D52363B73D0081BE92 /* Project object */;
			proxyType = 1;
			remoteGlobalIDString = 942059DC2363B73D0081BE92;
			remoteInfo = QuickELogger;
		};
/* End PBXContainerItemProxy section */

/* Begin PBXFileReference section */
		003606E0FDC3E5E88DF5C111 /* Pods-Specs.release.xcconfig */ = {isa = PBXFileReference; includeInIndex = 1; lastKnownFileType = text.xcconfig; name = "Pods-Specs.release.xcconfig"; path = "Target Support Files/Pods-Specs/Pods-Specs.release.xcconfig"; sourceTree = "<group>"; };
		266CE3AAAC790A23FE18FF91 /* Pods-IntegrationSpecs.debug.xcconfig */ = {isa = PBXFileReference; includeInIndex = 1; lastKnownFileType = text.xcconfig; name = "Pods-IntegrationSpecs.debug.xcconfig"; path = "Target Support Files/Pods-IntegrationSpecs/Pods-IntegrationSpecs.debug.xcconfig"; sourceTree = "<group>"; };
		57C2979F87281A724AAC2536 /* Pods_QuickELogger.framework */ = {isa = PBXFileReference; explicitFileType = wrapper.framework; includeInIndex = 0; path = Pods_QuickELogger.framework; sourceTree = BUILT_PRODUCTS_DIR; };
		659AB5BFAF84236DD4B2AF90 /* Pods-QuickELogger.release.xcconfig */ = {isa = PBXFileReference; includeInIndex = 1; lastKnownFileType = text.xcconfig; name = "Pods-QuickELogger.release.xcconfig"; path = "Target Support Files/Pods-QuickELogger/Pods-QuickELogger.release.xcconfig"; sourceTree = "<group>"; };
		6EE858F4CEB0F158A6FBDE03 /* Pods-IntegrationSpecs.release.xcconfig */ = {isa = PBXFileReference; includeInIndex = 1; lastKnownFileType = text.xcconfig; name = "Pods-IntegrationSpecs.release.xcconfig"; path = "Target Support Files/Pods-IntegrationSpecs/Pods-IntegrationSpecs.release.xcconfig"; sourceTree = "<group>"; };
		794676E5BEA843B04ACCC6C8 /* Pods_Specs.framework */ = {isa = PBXFileReference; explicitFileType = wrapper.framework; includeInIndex = 0; path = Pods_Specs.framework; sourceTree = BUILT_PRODUCTS_DIR; };
		8F1D8163FBF9F63F58F6657E /* Pods-Specs.debug.xcconfig */ = {isa = PBXFileReference; includeInIndex = 1; lastKnownFileType = text.xcconfig; name = "Pods-Specs.debug.xcconfig"; path = "Target Support Files/Pods-Specs/Pods-Specs.debug.xcconfig"; sourceTree = "<group>"; };
		942059DD2363B73D0081BE92 /* QuickELogger.app */ = {isa = PBXFileReference; explicitFileType = wrapper.application; includeInIndex = 0; path = QuickELogger.app; sourceTree = BUILT_PRODUCTS_DIR; };
		942059E02363B73D0081BE92 /* AppDelegate.swift */ = {isa = PBXFileReference; lastKnownFileType = sourcecode.swift; path = AppDelegate.swift; sourceTree = "<group>"; };
		942059E42363B73D0081BE92 /* ViewController.swift */ = {isa = PBXFileReference; lastKnownFileType = sourcecode.swift; path = ViewController.swift; sourceTree = "<group>"; };
		942059E72363B73D0081BE92 /* Base */ = {isa = PBXFileReference; lastKnownFileType = file.storyboard; name = Base; path = Base.lproj/Main.storyboard; sourceTree = "<group>"; };
		942059E92363B73E0081BE92 /* Assets.xcassets */ = {isa = PBXFileReference; lastKnownFileType = folder.assetcatalog; path = Assets.xcassets; sourceTree = "<group>"; };
		942059EC2363B73E0081BE92 /* Base */ = {isa = PBXFileReference; lastKnownFileType = file.storyboard; name = Base; path = Base.lproj/LaunchScreen.storyboard; sourceTree = "<group>"; };
		942059EE2363B73E0081BE92 /* Info.plist */ = {isa = PBXFileReference; lastKnownFileType = text.plist.xml; path = Info.plist; sourceTree = "<group>"; };
		94205A042363B9F20081BE92 /* Specs.xctest */ = {isa = PBXFileReference; explicitFileType = wrapper.cfbundle; includeInIndex = 0; path = Specs.xctest; sourceTree = BUILT_PRODUCTS_DIR; };
		94205A082363B9F20081BE92 /* Info.plist */ = {isa = PBXFileReference; lastKnownFileType = text.plist.xml; path = Info.plist; sourceTree = "<group>"; };
		946E72F02363BDF800694575 /* Utils.swift */ = {isa = PBXFileReference; fileEncoding = 4; lastKnownFileType = sourcecode.swift; path = Utils.swift; sourceTree = "<group>"; };
		946E72F12363BDF800694575 /* QuickELogger.swift */ = {isa = PBXFileReference; fileEncoding = 4; lastKnownFileType = sourcecode.swift; path = QuickELogger.swift; sourceTree = "<group>"; };
		946E72F22363BDF800694575 /* FoundationProtocols.swift */ = {isa = PBXFileReference; fileEncoding = 4; lastKnownFileType = sourcecode.swift; path = FoundationProtocols.swift; sourceTree = "<group>"; };
		946E72F32363BDF800694575 /* QuickELoggerEngine.swift */ = {isa = PBXFileReference; fileEncoding = 4; lastKnownFileType = sourcecode.swift; path = QuickELoggerEngine.swift; sourceTree = "<group>"; };
		946E72F82363BE4C00694575 /* QuickELoggerEngineSpec.swift */ = {isa = PBXFileReference; lastKnownFileType = sourcecode.swift; path = QuickELoggerEngineSpec.swift; sourceTree = "<group>"; };
		946E72FB2363BEDB00694575 /* FakeJSONEncoder.swift */ = {isa = PBXFileReference; lastKnownFileType = sourcecode.swift; path = FakeJSONEncoder.swift; sourceTree = "<group>"; };
		946E72FD2363BEE900694575 /* FakeJSONDecoder.swift */ = {isa = PBXFileReference; lastKnownFileType = sourcecode.swift; path = FakeJSONDecoder.swift; sourceTree = "<group>"; };
		946E72FF2363BF0F00694575 /* FakeFileManager.swift */ = {isa = PBXFileReference; lastKnownFileType = sourcecode.swift; path = FakeFileManager.swift; sourceTree = "<group>"; };
		946E73012363BF2A00694575 /* FakeUUID.swift */ = {isa = PBXFileReference; lastKnownFileType = sourcecode.swift; path = FakeUUID.swift; sourceTree = "<group>"; };
		946E73032363EA4700694575 /* FakeDataUtils.swift */ = {isa = PBXFileReference; lastKnownFileType = sourcecode.swift; path = FakeDataUtils.swift; sourceTree = "<group>"; };
		946E73052363EC0500694575 /* FakeError.swift */ = {isa = PBXFileReference; lastKnownFileType = sourcecode.swift; path = FakeError.swift; sourceTree = "<group>"; };
		946E73072363F1D800694575 /* FoundationExtensions.swift */ = {isa = PBXFileReference; lastKnownFileType = sourcecode.swift; path = FoundationExtensions.swift; sourceTree = "<group>"; };
		946E730D2364A99000694575 /* IntegrationSpecs.xctest */ = {isa = PBXFileReference; explicitFileType = wrapper.cfbundle; includeInIndex = 0; path = IntegrationSpecs.xctest; sourceTree = BUILT_PRODUCTS_DIR; };
		946E730F2364A99000694575 /* QuickELoggerIntegrationSpec.swift */ = {isa = PBXFileReference; lastKnownFileType = sourcecode.swift; path = QuickELoggerIntegrationSpec.swift; sourceTree = "<group>"; };
		946E73112364A99000694575 /* Info.plist */ = {isa = PBXFileReference; lastKnownFileType = text.plist.xml; path = Info.plist; sourceTree = "<group>"; };
		946E73192364ACA800694575 /* Utils.swift */ = {isa = PBXFileReference; lastKnownFileType = sourcecode.swift; path = Utils.swift; sourceTree = "<group>"; };
		BCAFF7F15A117926EEE55657 /* Pods-QuickELogger.debug.xcconfig */ = {isa = PBXFileReference; includeInIndex = 1; lastKnownFileType = text.xcconfig; name = "Pods-QuickELogger.debug.xcconfig"; path = "Target Support Files/Pods-QuickELogger/Pods-QuickELogger.debug.xcconfig"; sourceTree = "<group>"; };
		D8E45B2BCF7E8F4447D2BD12 /* Pods_IntegrationSpecs.framework */ = {isa = PBXFileReference; explicitFileType = wrapper.framework; includeInIndex = 0; path = Pods_IntegrationSpecs.framework; sourceTree = BUILT_PRODUCTS_DIR; };
/* End PBXFileReference section */

/* Begin PBXFrameworksBuildPhase section */
		942059DA2363B73D0081BE92 /* Frameworks */ = {
			isa = PBXFrameworksBuildPhase;
			buildActionMask = 2147483647;
			files = (
				BAC2A58241872EDC9C272468 /* Pods_QuickELogger.framework in Frameworks */,
			);
			runOnlyForDeploymentPostprocessing = 0;
		};
		94205A012363B9F20081BE92 /* Frameworks */ = {
			isa = PBXFrameworksBuildPhase;
			buildActionMask = 2147483647;
			files = (
				83F4B6D696C646863548DD31 /* Pods_Specs.framework in Frameworks */,
			);
			runOnlyForDeploymentPostprocessing = 0;
		};
		946E730A2364A99000694575 /* Frameworks */ = {
			isa = PBXFrameworksBuildPhase;
			buildActionMask = 2147483647;
			files = (
				CA5EE0F5151C9A5DD71795D3 /* Pods_IntegrationSpecs.framework in Frameworks */,
			);
			runOnlyForDeploymentPostprocessing = 0;
		};
/* End PBXFrameworksBuildPhase section */

/* Begin PBXGroup section */
		89D8AE415839FFC778D27A9A /* Frameworks */ = {
			isa = PBXGroup;
			children = (
				794676E5BEA843B04ACCC6C8 /* Pods_Specs.framework */,
				D8E45B2BCF7E8F4447D2BD12 /* Pods_IntegrationSpecs.framework */,
				57C2979F87281A724AAC2536 /* Pods_QuickELogger.framework */,
			);
			name = Frameworks;
			sourceTree = "<group>";
		};
		942059D42363B73D0081BE92 = {
			isa = PBXGroup;
			children = (
				942059DF2363B73D0081BE92 /* QuickELogger */,
				94205A052363B9F20081BE92 /* Specs */,
				946E730E2364A99000694575 /* IntegrationSpecs */,
				942059DE2363B73D0081BE92 /* Products */,
				D817C3C085CFC4CD55B7EEE3 /* Pods */,
				89D8AE415839FFC778D27A9A /* Frameworks */,
			);
			sourceTree = "<group>";
		};
		942059DE2363B73D0081BE92 /* Products */ = {
			isa = PBXGroup;
			children = (
				942059DD2363B73D0081BE92 /* QuickELogger.app */,
				94205A042363B9F20081BE92 /* Specs.xctest */,
				946E730D2364A99000694575 /* IntegrationSpecs.xctest */,
			);
			name = Products;
			sourceTree = "<group>";
		};
		942059DF2363B73D0081BE92 /* QuickELogger */ = {
			isa = PBXGroup;
			children = (
				942059FD2363B7B70081BE92 /* AppCode */,
				942059FE2363B7C20081BE92 /* Resources */,
				942059F42363B7580081BE92 /* Source */,
				942059FF2363B7CC0081BE92 /* Supporting Files */,
			);
			path = QuickELogger;
			sourceTree = "<group>";
		};
		942059F42363B7580081BE92 /* Source */ = {
			isa = PBXGroup;
			children = (
				946E73072363F1D800694575 /* FoundationExtensions.swift */,
				946E72F22363BDF800694575 /* FoundationProtocols.swift */,
				946E72F12363BDF800694575 /* QuickELogger.swift */,
				946E72F32363BDF800694575 /* QuickELoggerEngine.swift */,
				946E72F02363BDF800694575 /* Utils.swift */,
			);
			path = Source;
			sourceTree = "<group>";
		};
		942059FD2363B7B70081BE92 /* AppCode */ = {
			isa = PBXGroup;
			children = (
				942059E02363B73D0081BE92 /* AppDelegate.swift */,
				942059E42363B73D0081BE92 /* ViewController.swift */,
			);
			path = AppCode;
			sourceTree = "<group>";
		};
		942059FE2363B7C20081BE92 /* Resources */ = {
			isa = PBXGroup;
			children = (
				942059E62363B73D0081BE92 /* Main.storyboard */,
				942059E92363B73E0081BE92 /* Assets.xcassets */,
				942059EB2363B73E0081BE92 /* LaunchScreen.storyboard */,
			);
			path = Resources;
			sourceTree = "<group>";
		};
		942059FF2363B7CC0081BE92 /* Supporting Files */ = {
			isa = PBXGroup;
			children = (
				942059EE2363B73E0081BE92 /* Info.plist */,
			);
			path = "Supporting Files";
			sourceTree = "<group>";
		};
		94205A052363B9F20081BE92 /* Specs */ = {
			isa = PBXGroup;
			children = (
				946E72F82363BE4C00694575 /* QuickELoggerEngineSpec.swift */,
				946E72FA2363BEA900694575 /* Fakes */,
				94205A0E2363B9F70081BE92 /* Supporting Files */,
			);
			path = Specs;
			sourceTree = "<group>";
		};
		94205A0E2363B9F70081BE92 /* Supporting Files */ = {
			isa = PBXGroup;
			children = (
				94205A082363B9F20081BE92 /* Info.plist */,
			);
			path = "Supporting Files";
			sourceTree = "<group>";
		};
		946E72FA2363BEA900694575 /* Fakes */ = {
			isa = PBXGroup;
			children = (
				946E73032363EA4700694575 /* FakeDataUtils.swift */,
				946E72FF2363BF0F00694575 /* FakeFileManager.swift */,
				946E72FD2363BEE900694575 /* FakeJSONDecoder.swift */,
				946E72FB2363BEDB00694575 /* FakeJSONEncoder.swift */,
				946E73012363BF2A00694575 /* FakeUUID.swift */,
				946E73052363EC0500694575 /* FakeError.swift */,
			);
			path = Fakes;
			sourceTree = "<group>";
		};
		946E730E2364A99000694575 /* IntegrationSpecs */ = {
			isa = PBXGroup;
			children = (
				946E73182364AC8D00694575 /* Utils */,
				946E730F2364A99000694575 /* QuickELoggerIntegrationSpec.swift */,
				946E73172364A9CA00694575 /* Supporting Files */,
			);
			path = IntegrationSpecs;
			sourceTree = "<group>";
		};
		946E73172364A9CA00694575 /* Supporting Files */ = {
			isa = PBXGroup;
			children = (
				946E73112364A99000694575 /* Info.plist */,
			);
			path = "Supporting Files";
			sourceTree = "<group>";
		};
		946E73182364AC8D00694575 /* Utils */ = {
			isa = PBXGroup;
			children = (
				946E73192364ACA800694575 /* Utils.swift */,
			);
			path = Utils;
			sourceTree = "<group>";
		};
		D817C3C085CFC4CD55B7EEE3 /* Pods */ = {
			isa = PBXGroup;
			children = (
				8F1D8163FBF9F63F58F6657E /* Pods-Specs.debug.xcconfig */,
				003606E0FDC3E5E88DF5C111 /* Pods-Specs.release.xcconfig */,
				266CE3AAAC790A23FE18FF91 /* Pods-IntegrationSpecs.debug.xcconfig */,
				6EE858F4CEB0F158A6FBDE03 /* Pods-IntegrationSpecs.release.xcconfig */,
				BCAFF7F15A117926EEE55657 /* Pods-QuickELogger.debug.xcconfig */,
				659AB5BFAF84236DD4B2AF90 /* Pods-QuickELogger.release.xcconfig */,
			);
			path = Pods;
			sourceTree = "<group>";
		};
/* End PBXGroup section */

/* Begin PBXNativeTarget section */
		942059DC2363B73D0081BE92 /* QuickELogger */ = {
			isa = PBXNativeTarget;
			buildConfigurationList = 942059F12363B73E0081BE92 /* Build configuration list for PBXNativeTarget "QuickELogger" */;
			buildPhases = (
				B4E1E73146E3232523FB1B3A /* [CP] Check Pods Manifest.lock */,
				942059D92363B73D0081BE92 /* Sources */,
				942059DA2363B73D0081BE92 /* Frameworks */,
				942059DB2363B73D0081BE92 /* Resources */,
				9457A04723650B2D001411D6 /* ShellScript */,
			);
			buildRules = (
			);
			dependencies = (
			);
			name = QuickELogger;
			productName = QuickELogger;
			productReference = 942059DD2363B73D0081BE92 /* QuickELogger.app */;
			productType = "com.apple.product-type.application";
		};
		94205A032363B9F20081BE92 /* Specs */ = {
			isa = PBXNativeTarget;
			buildConfigurationList = 94205A0B2363B9F20081BE92 /* Build configuration list for PBXNativeTarget "Specs" */;
			buildPhases = (
				A8D4AD44BB758A9116C329EF /* [CP] Check Pods Manifest.lock */,
				94205A002363B9F20081BE92 /* Sources */,
				94205A012363B9F20081BE92 /* Frameworks */,
				94205A022363B9F20081BE92 /* Resources */,
				B5581FD1ADA40CA561B6340A /* [CP] Embed Pods Frameworks */,
			);
			buildRules = (
			);
			dependencies = (
				94205A0A2363B9F20081BE92 /* PBXTargetDependency */,
			);
			name = Specs;
			productName = Specs;
			productReference = 94205A042363B9F20081BE92 /* Specs.xctest */;
			productType = "com.apple.product-type.bundle.unit-test";
		};
		946E730C2364A99000694575 /* IntegrationSpecs */ = {
			isa = PBXNativeTarget;
			buildConfigurationList = 946E73142364A99000694575 /* Build configuration list for PBXNativeTarget "IntegrationSpecs" */;
			buildPhases = (
				5885C7E4F0C82D437946C869 /* [CP] Check Pods Manifest.lock */,
				946E73092364A99000694575 /* Sources */,
				946E730A2364A99000694575 /* Frameworks */,
				946E730B2364A99000694575 /* Resources */,
				90206D9824EA47A72BC24372 /* [CP] Embed Pods Frameworks */,
			);
			buildRules = (
			);
			dependencies = (
				946E73132364A99000694575 /* PBXTargetDependency */,
			);
			name = IntegrationSpecs;
			productName = IntegrationSpecs;
			productReference = 946E730D2364A99000694575 /* IntegrationSpecs.xctest */;
			productType = "com.apple.product-type.bundle.unit-test";
		};
/* End PBXNativeTarget section */

/* Begin PBXProject section */
		942059D52363B73D0081BE92 /* Project object */ = {
			isa = PBXProject;
			attributes = {
				LastSwiftUpdateCheck = 1110;
				LastUpgradeCheck = 1110;
				TargetAttributes = {
					942059DC2363B73D0081BE92 = {
						CreatedOnToolsVersion = 11.1;
					};
					94205A032363B9F20081BE92 = {
						CreatedOnToolsVersion = 11.1;
						TestTargetID = 942059DC2363B73D0081BE92;
					};
					946E730C2364A99000694575 = {
						CreatedOnToolsVersion = 11.1;
						TestTargetID = 942059DC2363B73D0081BE92;
					};
				};
			};
			buildConfigurationList = 942059D82363B73D0081BE92 /* Build configuration list for PBXProject "QuickELogger" */;
			compatibilityVersion = "Xcode 9.3";
			developmentRegion = en;
			hasScannedForEncodings = 0;
			knownRegions = (
				en,
				Base,
			);
			mainGroup = 942059D42363B73D0081BE92;
			productRefGroup = 942059DE2363B73D0081BE92 /* Products */;
			projectDirPath = "";
			projectRoot = "";
			targets = (
				942059DC2363B73D0081BE92 /* QuickELogger */,
				94205A032363B9F20081BE92 /* Specs */,
				946E730C2364A99000694575 /* IntegrationSpecs */,
			);
		};
/* End PBXProject section */

/* Begin PBXResourcesBuildPhase section */
		942059DB2363B73D0081BE92 /* Resources */ = {
			isa = PBXResourcesBuildPhase;
			buildActionMask = 2147483647;
			files = (
				942059ED2363B73E0081BE92 /* LaunchScreen.storyboard in Resources */,
				942059EA2363B73E0081BE92 /* Assets.xcassets in Resources */,
				942059E82363B73D0081BE92 /* Main.storyboard in Resources */,
			);
			runOnlyForDeploymentPostprocessing = 0;
		};
		94205A022363B9F20081BE92 /* Resources */ = {
			isa = PBXResourcesBuildPhase;
			buildActionMask = 2147483647;
			files = (
			);
			runOnlyForDeploymentPostprocessing = 0;
		};
		946E730B2364A99000694575 /* Resources */ = {
			isa = PBXResourcesBuildPhase;
			buildActionMask = 2147483647;
			files = (
			);
			runOnlyForDeploymentPostprocessing = 0;
		};
/* End PBXResourcesBuildPhase section */

/* Begin PBXShellScriptBuildPhase section */
		5885C7E4F0C82D437946C869 /* [CP] Check Pods Manifest.lock */ = {
			isa = PBXShellScriptBuildPhase;
			buildActionMask = 2147483647;
			files = (
			);
			inputFileListPaths = (
			);
			inputPaths = (
				"${PODS_PODFILE_DIR_PATH}/Podfile.lock",
				"${PODS_ROOT}/Manifest.lock",
			);
			name = "[CP] Check Pods Manifest.lock";
			outputFileListPaths = (
			);
			outputPaths = (
				"$(DERIVED_FILE_DIR)/Pods-IntegrationSpecs-checkManifestLockResult.txt",
			);
			runOnlyForDeploymentPostprocessing = 0;
			shellPath = /bin/sh;
			shellScript = "diff \"${PODS_PODFILE_DIR_PATH}/Podfile.lock\" \"${PODS_ROOT}/Manifest.lock\" > /dev/null\nif [ $? != 0 ] ; then\n    # print error to STDERR\n    echo \"error: The sandbox is not in sync with the Podfile.lock. Run 'pod install' or update your CocoaPods installation.\" >&2\n    exit 1\nfi\n# This output is used by Xcode 'outputs' to avoid re-running this script phase.\necho \"SUCCESS\" > \"${SCRIPT_OUTPUT_FILE_0}\"\n";
			showEnvVarsInLog = 0;
		};
		90206D9824EA47A72BC24372 /* [CP] Embed Pods Frameworks */ = {
			isa = PBXShellScriptBuildPhase;
			buildActionMask = 2147483647;
			files = (
			);
			inputFileListPaths = (
				"${PODS_ROOT}/Target Support Files/Pods-IntegrationSpecs/Pods-IntegrationSpecs-frameworks-${CONFIGURATION}-input-files.xcfilelist",
			);
			name = "[CP] Embed Pods Frameworks";
			outputFileListPaths = (
				"${PODS_ROOT}/Target Support Files/Pods-IntegrationSpecs/Pods-IntegrationSpecs-frameworks-${CONFIGURATION}-output-files.xcfilelist",
			);
			runOnlyForDeploymentPostprocessing = 0;
			shellPath = /bin/sh;
			shellScript = "\"${PODS_ROOT}/Target Support Files/Pods-IntegrationSpecs/Pods-IntegrationSpecs-frameworks.sh\"\n";
			showEnvVarsInLog = 0;
		};
		9457A04723650B2D001411D6 /* ShellScript */ = {
			isa = PBXShellScriptBuildPhase;
			buildActionMask = 2147483647;
			files = (
			);
			inputFileListPaths = (
			);
			inputPaths = (
			);
			outputFileListPaths = (
			);
			outputPaths = (
			);
			runOnlyForDeploymentPostprocessing = 0;
			shellPath = /bin/sh;
			shellScript = "${PODS_ROOT}/SwiftLint/swiftlint\n";
		};
		A8D4AD44BB758A9116C329EF /* [CP] Check Pods Manifest.lock */ = {
			isa = PBXShellScriptBuildPhase;
			buildActionMask = 2147483647;
			files = (
			);
			inputFileListPaths = (
			);
			inputPaths = (
				"${PODS_PODFILE_DIR_PATH}/Podfile.lock",
				"${PODS_ROOT}/Manifest.lock",
			);
			name = "[CP] Check Pods Manifest.lock";
			outputFileListPaths = (
			);
			outputPaths = (
				"$(DERIVED_FILE_DIR)/Pods-Specs-checkManifestLockResult.txt",
			);
			runOnlyForDeploymentPostprocessing = 0;
			shellPath = /bin/sh;
			shellScript = "diff \"${PODS_PODFILE_DIR_PATH}/Podfile.lock\" \"${PODS_ROOT}/Manifest.lock\" > /dev/null\nif [ $? != 0 ] ; then\n    # print error to STDERR\n    echo \"error: The sandbox is not in sync with the Podfile.lock. Run 'pod install' or update your CocoaPods installation.\" >&2\n    exit 1\nfi\n# This output is used by Xcode 'outputs' to avoid re-running this script phase.\necho \"SUCCESS\" > \"${SCRIPT_OUTPUT_FILE_0}\"\n";
			showEnvVarsInLog = 0;
		};
		B4E1E73146E3232523FB1B3A /* [CP] Check Pods Manifest.lock */ = {
			isa = PBXShellScriptBuildPhase;
			buildActionMask = 2147483647;
			files = (
			);
			inputFileListPaths = (
			);
			inputPaths = (
				"${PODS_PODFILE_DIR_PATH}/Podfile.lock",
				"${PODS_ROOT}/Manifest.lock",
			);
			name = "[CP] Check Pods Manifest.lock";
			outputFileListPaths = (
			);
			outputPaths = (
				"$(DERIVED_FILE_DIR)/Pods-QuickELogger-checkManifestLockResult.txt",
			);
			runOnlyForDeploymentPostprocessing = 0;
			shellPath = /bin/sh;
			shellScript = "diff \"${PODS_PODFILE_DIR_PATH}/Podfile.lock\" \"${PODS_ROOT}/Manifest.lock\" > /dev/null\nif [ $? != 0 ] ; then\n    # print error to STDERR\n    echo \"error: The sandbox is not in sync with the Podfile.lock. Run 'pod install' or update your CocoaPods installation.\" >&2\n    exit 1\nfi\n# This output is used by Xcode 'outputs' to avoid re-running this script phase.\necho \"SUCCESS\" > \"${SCRIPT_OUTPUT_FILE_0}\"\n";
			showEnvVarsInLog = 0;
		};
		B5581FD1ADA40CA561B6340A /* [CP] Embed Pods Frameworks */ = {
			isa = PBXShellScriptBuildPhase;
			buildActionMask = 2147483647;
			files = (
			);
			inputFileListPaths = (
				"${PODS_ROOT}/Target Support Files/Pods-Specs/Pods-Specs-frameworks-${CONFIGURATION}-input-files.xcfilelist",
			);
			name = "[CP] Embed Pods Frameworks";
			outputFileListPaths = (
				"${PODS_ROOT}/Target Support Files/Pods-Specs/Pods-Specs-frameworks-${CONFIGURATION}-output-files.xcfilelist",
			);
			runOnlyForDeploymentPostprocessing = 0;
			shellPath = /bin/sh;
			shellScript = "\"${PODS_ROOT}/Target Support Files/Pods-Specs/Pods-Specs-frameworks.sh\"\n";
			showEnvVarsInLog = 0;
		};
/* End PBXShellScriptBuildPhase section */

/* Begin PBXSourcesBuildPhase section */
		942059D92363B73D0081BE92 /* Sources */ = {
			isa = PBXSourcesBuildPhase;
			buildActionMask = 2147483647;
			files = (
				946E73082363F1D800694575 /* FoundationExtensions.swift in Sources */,
				942059E52363B73D0081BE92 /* ViewController.swift in Sources */,
				946E72F72363BDF800694575 /* QuickELoggerEngine.swift in Sources */,
				946E72F62363BDF800694575 /* FoundationProtocols.swift in Sources */,
				942059E12363B73D0081BE92 /* AppDelegate.swift in Sources */,
				946E72F42363BDF800694575 /* Utils.swift in Sources */,
				946E72F52363BDF800694575 /* QuickELogger.swift in Sources */,
			);
			runOnlyForDeploymentPostprocessing = 0;
		};
		94205A002363B9F20081BE92 /* Sources */ = {
			isa = PBXSourcesBuildPhase;
			buildActionMask = 2147483647;
			files = (
				946E73022363BF2A00694575 /* FakeUUID.swift in Sources */,
				946E72FE2363BEE900694575 /* FakeJSONDecoder.swift in Sources */,
				946E73042363EA4700694575 /* FakeDataUtils.swift in Sources */,
				946E72F92363BE4C00694575 /* QuickELoggerEngineSpec.swift in Sources */,
				946E73062363EC0500694575 /* FakeError.swift in Sources */,
				946E73002363BF0F00694575 /* FakeFileManager.swift in Sources */,
				946E72FC2363BEDB00694575 /* FakeJSONEncoder.swift in Sources */,
			);
			runOnlyForDeploymentPostprocessing = 0;
		};
		946E73092364A99000694575 /* Sources */ = {
			isa = PBXSourcesBuildPhase;
			buildActionMask = 2147483647;
			files = (
				946E73102364A99000694575 /* QuickELoggerIntegrationSpec.swift in Sources */,
				946E731A2364ACA800694575 /* Utils.swift in Sources */,
			);
			runOnlyForDeploymentPostprocessing = 0;
		};
/* End PBXSourcesBuildPhase section */

/* Begin PBXTargetDependency section */
		94205A0A2363B9F20081BE92 /* PBXTargetDependency */ = {
			isa = PBXTargetDependency;
			target = 942059DC2363B73D0081BE92 /* QuickELogger */;
			targetProxy = 94205A092363B9F20081BE92 /* PBXContainerItemProxy */;
		};
		946E73132364A99000694575 /* PBXTargetDependency */ = {
			isa = PBXTargetDependency;
			target = 942059DC2363B73D0081BE92 /* QuickELogger */;
			targetProxy = 946E73122364A99000694575 /* PBXContainerItemProxy */;
		};
/* End PBXTargetDependency section */

/* Begin PBXVariantGroup section */
		942059E62363B73D0081BE92 /* Main.storyboard */ = {
			isa = PBXVariantGroup;
			children = (
				942059E72363B73D0081BE92 /* Base */,
			);
			name = Main.storyboard;
			sourceTree = "<group>";
		};
		942059EB2363B73E0081BE92 /* LaunchScreen.storyboard */ = {
			isa = PBXVariantGroup;
			children = (
				942059EC2363B73E0081BE92 /* Base */,
			);
			name = LaunchScreen.storyboard;
			sourceTree = "<group>";
		};
/* End PBXVariantGroup section */

/* Begin XCBuildConfiguration section */
		942059EF2363B73E0081BE92 /* Debug */ = {
			isa = XCBuildConfiguration;
			buildSettings = {
				ALWAYS_SEARCH_USER_PATHS = NO;
				CLANG_ANALYZER_NONNULL = YES;
				CLANG_ANALYZER_NUMBER_OBJECT_CONVERSION = YES_AGGRESSIVE;
				CLANG_CXX_LANGUAGE_STANDARD = "gnu++14";
				CLANG_CXX_LIBRARY = "libc++";
				CLANG_ENABLE_MODULES = YES;
				CLANG_ENABLE_OBJC_ARC = YES;
				CLANG_ENABLE_OBJC_WEAK = YES;
				CLANG_WARN_BLOCK_CAPTURE_AUTORELEASING = YES;
				CLANG_WARN_BOOL_CONVERSION = YES;
				CLANG_WARN_COMMA = YES;
				CLANG_WARN_CONSTANT_CONVERSION = YES;
				CLANG_WARN_DEPRECATED_OBJC_IMPLEMENTATIONS = YES;
				CLANG_WARN_DIRECT_OBJC_ISA_USAGE = YES_ERROR;
				CLANG_WARN_DOCUMENTATION_COMMENTS = YES;
				CLANG_WARN_EMPTY_BODY = YES;
				CLANG_WARN_ENUM_CONVERSION = YES;
				CLANG_WARN_INFINITE_RECURSION = YES;
				CLANG_WARN_INT_CONVERSION = YES;
				CLANG_WARN_NON_LITERAL_NULL_CONVERSION = YES;
				CLANG_WARN_OBJC_IMPLICIT_RETAIN_SELF = YES;
				CLANG_WARN_OBJC_LITERAL_CONVERSION = YES;
				CLANG_WARN_OBJC_ROOT_CLASS = YES_ERROR;
				CLANG_WARN_RANGE_LOOP_ANALYSIS = YES;
				CLANG_WARN_STRICT_PROTOTYPES = YES;
				CLANG_WARN_SUSPICIOUS_MOVE = YES;
				CLANG_WARN_UNGUARDED_AVAILABILITY = YES_AGGRESSIVE;
				CLANG_WARN_UNREACHABLE_CODE = YES;
				CLANG_WARN__DUPLICATE_METHOD_MATCH = YES;
				COPY_PHASE_STRIP = NO;
				DEBUG_INFORMATION_FORMAT = dwarf;
				ENABLE_STRICT_OBJC_MSGSEND = YES;
				ENABLE_TESTABILITY = YES;
				GCC_C_LANGUAGE_STANDARD = gnu11;
				GCC_DYNAMIC_NO_PIC = NO;
				GCC_NO_COMMON_BLOCKS = YES;
				GCC_OPTIMIZATION_LEVEL = 0;
				GCC_PREPROCESSOR_DEFINITIONS = (
					"DEBUG=1",
					"$(inherited)",
				);
				GCC_WARN_64_TO_32_BIT_CONVERSION = YES;
				GCC_WARN_ABOUT_RETURN_TYPE = YES_ERROR;
				GCC_WARN_UNDECLARED_SELECTOR = YES;
				GCC_WARN_UNINITIALIZED_AUTOS = YES_AGGRESSIVE;
				GCC_WARN_UNUSED_FUNCTION = YES;
				GCC_WARN_UNUSED_VARIABLE = YES;
				IPHONEOS_DEPLOYMENT_TARGET = 10.0;
				MTL_ENABLE_DEBUG_INFO = INCLUDE_SOURCE;
				MTL_FAST_MATH = YES;
				ONLY_ACTIVE_ARCH = YES;
				SDKROOT = iphoneos;
				SWIFT_ACTIVE_COMPILATION_CONDITIONS = DEBUG;
				SWIFT_OPTIMIZATION_LEVEL = "-Onone";
				SWIFT_VERSION = 5.0;
			};
			name = Debug;
		};
		942059F02363B73E0081BE92 /* Release */ = {
			isa = XCBuildConfiguration;
			buildSettings = {
				ALWAYS_SEARCH_USER_PATHS = NO;
				CLANG_ANALYZER_NONNULL = YES;
				CLANG_ANALYZER_NUMBER_OBJECT_CONVERSION = YES_AGGRESSIVE;
				CLANG_CXX_LANGUAGE_STANDARD = "gnu++14";
				CLANG_CXX_LIBRARY = "libc++";
				CLANG_ENABLE_MODULES = YES;
				CLANG_ENABLE_OBJC_ARC = YES;
				CLANG_ENABLE_OBJC_WEAK = YES;
				CLANG_WARN_BLOCK_CAPTURE_AUTORELEASING = YES;
				CLANG_WARN_BOOL_CONVERSION = YES;
				CLANG_WARN_COMMA = YES;
				CLANG_WARN_CONSTANT_CONVERSION = YES;
				CLANG_WARN_DEPRECATED_OBJC_IMPLEMENTATIONS = YES;
				CLANG_WARN_DIRECT_OBJC_ISA_USAGE = YES_ERROR;
				CLANG_WARN_DOCUMENTATION_COMMENTS = YES;
				CLANG_WARN_EMPTY_BODY = YES;
				CLANG_WARN_ENUM_CONVERSION = YES;
				CLANG_WARN_INFINITE_RECURSION = YES;
				CLANG_WARN_INT_CONVERSION = YES;
				CLANG_WARN_NON_LITERAL_NULL_CONVERSION = YES;
				CLANG_WARN_OBJC_IMPLICIT_RETAIN_SELF = YES;
				CLANG_WARN_OBJC_LITERAL_CONVERSION = YES;
				CLANG_WARN_OBJC_ROOT_CLASS = YES_ERROR;
				CLANG_WARN_RANGE_LOOP_ANALYSIS = YES;
				CLANG_WARN_STRICT_PROTOTYPES = YES;
				CLANG_WARN_SUSPICIOUS_MOVE = YES;
				CLANG_WARN_UNGUARDED_AVAILABILITY = YES_AGGRESSIVE;
				CLANG_WARN_UNREACHABLE_CODE = YES;
				CLANG_WARN__DUPLICATE_METHOD_MATCH = YES;
				COPY_PHASE_STRIP = NO;
				DEBUG_INFORMATION_FORMAT = "dwarf-with-dsym";
				ENABLE_NS_ASSERTIONS = NO;
				ENABLE_STRICT_OBJC_MSGSEND = YES;
				GCC_C_LANGUAGE_STANDARD = gnu11;
				GCC_NO_COMMON_BLOCKS = YES;
				GCC_WARN_64_TO_32_BIT_CONVERSION = YES;
				GCC_WARN_ABOUT_RETURN_TYPE = YES_ERROR;
				GCC_WARN_UNDECLARED_SELECTOR = YES;
				GCC_WARN_UNINITIALIZED_AUTOS = YES_AGGRESSIVE;
				GCC_WARN_UNUSED_FUNCTION = YES;
				GCC_WARN_UNUSED_VARIABLE = YES;
				IPHONEOS_DEPLOYMENT_TARGET = 10.0;
				MTL_ENABLE_DEBUG_INFO = NO;
				MTL_FAST_MATH = YES;
				SDKROOT = iphoneos;
				SWIFT_COMPILATION_MODE = wholemodule;
				SWIFT_OPTIMIZATION_LEVEL = "-O";
				SWIFT_VERSION = 5.0;
				VALIDATE_PRODUCT = YES;
			};
			name = Release;
		};
		942059F22363B73E0081BE92 /* Debug */ = {
			isa = XCBuildConfiguration;
			baseConfigurationReference = BCAFF7F15A117926EEE55657 /* Pods-QuickELogger.debug.xcconfig */;
			buildSettings = {
				ASSETCATALOG_COMPILER_APPICON_NAME = AppIcon;
				CODE_SIGN_STYLE = Manual;
				DEVELOPMENT_TEAM = "";
				INFOPLIST_FILE = "QuickELogger/Supporting Files/Info.plist";
				LD_RUNPATH_SEARCH_PATHS = (
					"$(inherited)",
					"@executable_path/Frameworks",
				);
				MARKETING_VERSION = 0.0.1;
				PRODUCT_BUNDLE_IDENTIFIER = teamthick.QuickELogger;
				PRODUCT_NAME = "$(TARGET_NAME)";
				PROVISIONING_PROFILE_SPECIFIER = "";
				SWIFT_VERSION = 5.0;
				TARGETED_DEVICE_FAMILY = "1,2";
			};
			name = Debug;
		};
		942059F32363B73E0081BE92 /* Release */ = {
			isa = XCBuildConfiguration;
			baseConfigurationReference = 659AB5BFAF84236DD4B2AF90 /* Pods-QuickELogger.release.xcconfig */;
			buildSettings = {
				ASSETCATALOG_COMPILER_APPICON_NAME = AppIcon;
				CODE_SIGN_STYLE = Manual;
				DEVELOPMENT_TEAM = "";
				INFOPLIST_FILE = "QuickELogger/Supporting Files/Info.plist";
				LD_RUNPATH_SEARCH_PATHS = (
					"$(inherited)",
					"@executable_path/Frameworks",
				);
				MARKETING_VERSION = 0.0.1;
				PRODUCT_BUNDLE_IDENTIFIER = teamthick.QuickELogger;
				PRODUCT_NAME = "$(TARGET_NAME)";
				PROVISIONING_PROFILE_SPECIFIER = "";
				SWIFT_VERSION = 5.0;
				TARGETED_DEVICE_FAMILY = "1,2";
			};
			name = Release;
		};
		94205A0C2363B9F20081BE92 /* Debug */ = {
			isa = XCBuildConfiguration;
			baseConfigurationReference = 8F1D8163FBF9F63F58F6657E /* Pods-Specs.debug.xcconfig */;
			buildSettings = {
				BUNDLE_LOADER = "$(TEST_HOST)";
				CODE_SIGN_STYLE = Manual;
				DEVELOPMENT_TEAM = "";
				INFOPLIST_FILE = "Specs/Supporting Files/Info.plist";
				IPHONEOS_DEPLOYMENT_TARGET = 13.1;
				LD_RUNPATH_SEARCH_PATHS = (
					"$(inherited)",
					"@executable_path/Frameworks",
					"@loader_path/Frameworks",
				);
				PRODUCT_BUNDLE_IDENTIFIER = teamthick.Specs;
				PRODUCT_NAME = "$(TARGET_NAME)";
				PROVISIONING_PROFILE_SPECIFIER = "";
				"PROVISIONING_PROFILE_SPECIFIER[sdk=macosx*]" = "";
				SWIFT_VERSION = 5.0;
				TARGETED_DEVICE_FAMILY = "1,2";
				TEST_HOST = "$(BUILT_PRODUCTS_DIR)/QuickELogger.app/QuickELogger";
			};
			name = Debug;
		};
		94205A0D2363B9F20081BE92 /* Release */ = {
			isa = XCBuildConfiguration;
			baseConfigurationReference = 003606E0FDC3E5E88DF5C111 /* Pods-Specs.release.xcconfig */;
			buildSettings = {
				BUNDLE_LOADER = "$(TEST_HOST)";
				CODE_SIGN_STYLE = Manual;
				DEVELOPMENT_TEAM = "";
				INFOPLIST_FILE = "Specs/Supporting Files/Info.plist";
				IPHONEOS_DEPLOYMENT_TARGET = 13.1;
				LD_RUNPATH_SEARCH_PATHS = (
					"$(inherited)",
					"@executable_path/Frameworks",
					"@loader_path/Frameworks",
				);
				PRODUCT_BUNDLE_IDENTIFIER = teamthick.Specs;
				PRODUCT_NAME = "$(TARGET_NAME)";
				PROVISIONING_PROFILE_SPECIFIER = "";
				"PROVISIONING_PROFILE_SPECIFIER[sdk=macosx*]" = "";
				SWIFT_VERSION = 5.0;
				TARGETED_DEVICE_FAMILY = "1,2";
				TEST_HOST = "$(BUILT_PRODUCTS_DIR)/QuickELogger.app/QuickELogger";
			};
			name = Release;
		};
		946E73152364A99000694575 /* Debug */ = {
			isa = XCBuildConfiguration;
			baseConfigurationReference = 266CE3AAAC790A23FE18FF91 /* Pods-IntegrationSpecs.debug.xcconfig */;
			buildSettings = {
				BUNDLE_LOADER = "$(TEST_HOST)";
				CODE_SIGN_STYLE = Automatic;
				INFOPLIST_FILE = "IntegrationSpecs/Supporting Files/Info.plist";
				IPHONEOS_DEPLOYMENT_TARGET = 13.1;
				LD_RUNPATH_SEARCH_PATHS = (
					"$(inherited)",
					"@executable_path/Frameworks",
					"@loader_path/Frameworks",
				);
				PRODUCT_BUNDLE_IDENTIFIER = teamthick.IntegrationSpecs;
				PRODUCT_NAME = "$(TARGET_NAME)";
				SWIFT_VERSION = 5.0;
				TARGETED_DEVICE_FAMILY = "1,2";
				TEST_HOST = "$(BUILT_PRODUCTS_DIR)/QuickELogger.app/QuickELogger";
			};
			name = Debug;
		};
		946E73162364A99000694575 /* Release */ = {
			isa = XCBuildConfiguration;
			baseConfigurationReference = 6EE858F4CEB0F158A6FBDE03 /* Pods-IntegrationSpecs.release.xcconfig */;
			buildSettings = {
				BUNDLE_LOADER = "$(TEST_HOST)";
				CODE_SIGN_STYLE = Automatic;
				INFOPLIST_FILE = "IntegrationSpecs/Supporting Files/Info.plist";
				IPHONEOS_DEPLOYMENT_TARGET = 13.1;
				LD_RUNPATH_SEARCH_PATHS = (
					"$(inherited)",
					"@executable_path/Frameworks",
					"@loader_path/Frameworks",
				);
				PRODUCT_BUNDLE_IDENTIFIER = teamthick.IntegrationSpecs;
				PRODUCT_NAME = "$(TARGET_NAME)";
				SWIFT_VERSION = 5.0;
				TARGETED_DEVICE_FAMILY = "1,2";
				TEST_HOST = "$(BUILT_PRODUCTS_DIR)/QuickELogger.app/QuickELogger";
			};
			name = Release;
		};
/* End XCBuildConfiguration section */

/* Begin XCConfigurationList section */
		942059D82363B73D0081BE92 /* Build configuration list for PBXProject "QuickELogger" */ = {
			isa = XCConfigurationList;
			buildConfigurations = (
				942059EF2363B73E0081BE92 /* Debug */,
				942059F02363B73E0081BE92 /* Release */,
			);
			defaultConfigurationIsVisible = 0;
			defaultConfigurationName = Release;
		};
		942059F12363B73E0081BE92 /* Build configuration list for PBXNativeTarget "QuickELogger" */ = {
			isa = XCConfigurationList;
			buildConfigurations = (
				942059F22363B73E0081BE92 /* Debug */,
				942059F32363B73E0081BE92 /* Release */,
			);
			defaultConfigurationIsVisible = 0;
			defaultConfigurationName = Release;
		};
		94205A0B2363B9F20081BE92 /* Build configuration list for PBXNativeTarget "Specs" */ = {
			isa = XCConfigurationList;
			buildConfigurations = (
				94205A0C2363B9F20081BE92 /* Debug */,
				94205A0D2363B9F20081BE92 /* Release */,
			);
			defaultConfigurationIsVisible = 0;
			defaultConfigurationName = Release;
		};
		946E73142364A99000694575 /* Build configuration list for PBXNativeTarget "IntegrationSpecs" */ = {
			isa = XCConfigurationList;
			buildConfigurations = (
				946E73152364A99000694575 /* Debug */,
				946E73162364A99000694575 /* Release */,
			);
			defaultConfigurationIsVisible = 0;
			defaultConfigurationName = Release;
		};
/* End XCConfigurationList section */
	};
	rootObject = 942059D52363B73D0081BE92 /* Project object */;
}
